
Microsoft Visual Studio Solution File, Format Version 12.00
# Visual Studio Version 17
VisualStudioVersion = 17.8.34525.116
MinimumVisualStudioVersion = 10.0.40219.1
Project("{9A19103F-16F7-4668-BE54-9A1E7A4F7556}") = "AutomatApp.Presentation", "AutomatApp.Presentation.csproj", "{449541A4-4E8F-43CA-B605-88B7CD44676F}"
EndProject
Project("{9A19103F-16F7-4668-BE54-9A1E7A4F7556}") = "AutomatApp.Application", "..\AutomatApp.Application\AutomatApp.Application.csproj", "{F7FB9744-7A8F-4885-92B3-B95B47AE9B24}"
EndProject
Project("{9A19103F-16F7-4668-BE54-9A1E7A4F7556}") = "AutomatApp.Domain", "..\AutomatApp.Domain\AutomatApp.Domain.csproj", "{998A27B3-E5C7-4BCC-B679-035A4A26307D}"
EndProject
Project("{9A19103F-16F7-4668-BE54-9A1E7A4F7556}") = "AutomatApp.Infrastructure", "..\AutomatApp.Infrastructure\AutomatApp.Infrastructure.csproj", "{D7680DBA-3170-4F2F-BC57-CF2410273E2F}"
EndProject
Global
	GlobalSection(SolutionConfigurationPlatforms) = preSolution
		Debug|Any CPU = Debug|Any CPU
		Release|Any CPU = Release|Any CPU
	EndGlobalSection
	GlobalSection(ProjectConfigurationPlatforms) = postSolution
		{449541A4-4E8F-43CA-B605-88B7CD44676F}.Debug|Any CPU.ActiveCfg = Debug|Any CPU
		{449541A4-4E8F-43CA-B605-88B7CD44676F}.Debug|Any CPU.Build.0 = Debug|Any CPU
		{449541A4-4E8F-43CA-B605-88B7CD44676F}.Release|Any CPU.ActiveCfg = Release|Any CPU
		{449541A4-4E8F-43CA-B605-88B7CD44676F}.Release|Any CPU.Build.0 = Release|Any CPU
		{F7FB9744-7A8F-4885-92B3-B95B47AE9B24}.Debug|Any CPU.ActiveCfg = Debug|Any CPU
		{F7FB9744-7A8F-4885-92B3-B95B47AE9B24}.Debug|Any CPU.Build.0 = Debug|Any CPU
		{F7FB9744-7A8F-4885-92B3-B95B47AE9B24}.Release|Any CPU.ActiveCfg = Release|Any CPU
		{F7FB9744-7A8F-4885-92B3-B95B47AE9B24}.Release|Any CPU.Build.0 = Release|Any CPU
		{998A27B3-E5C7-4BCC-B679-035A4A26307D}.Debug|Any CPU.ActiveCfg = Debug|Any CPU
		{998A27B3-E5C7-4BCC-B679-035A4A26307D}.Debug|Any CPU.Build.0 = Debug|Any CPU
		{998A27B3-E5C7-4BCC-B679-035A4A26307D}.Release|Any CPU.ActiveCfg = Release|Any CPU
		{998A27B3-E5C7-4BCC-B679-035A4A26307D}.Release|Any CPU.Build.0 = Release|Any CPU
		{D7680DBA-3170-4F2F-BC57-CF2410273E2F}.Debug|Any CPU.ActiveCfg = Debug|Any CPU
		{D7680DBA-3170-4F2F-BC57-CF2410273E2F}.Debug|Any CPU.Build.0 = Debug|Any CPU
		{D7680DBA-3170-4F2F-BC57-CF2410273E2F}.Release|Any CPU.ActiveCfg = Release|Any CPU
		{D7680DBA-3170-4F2F-BC57-CF2410273E2F}.Release|Any CPU.Build.0 = Release|Any CPU
	EndGlobalSection
	GlobalSection(SolutionProperties) = preSolution
		HideSolutionNode = FALSE
	EndGlobalSection
	GlobalSection(ExtensibilityGlobals) = postSolution
		SolutionGuid = {1EAB41E0-5FF0-46C2-B131-B8134F7688C6}
	EndGlobalSection
EndGlobal
